
Microsoft Visual Studio Solution File, Format Version 12.00
# Visual Studio Version 17
VisualStudioVersion = 17.14.36603.0
MinimumVisualStudioVersion = 10.0.40219.1
Project("{2150E333-8FDC-42A3-9474-1A3956D46DE8}") = "src", "src", "{02EA681E-C7D8-13C7-8484-4AC65E1B71E8}"
EndProject
Project("{2150E333-8FDC-42A3-9474-1A3956D46DE8}") = "tests", "tests", "{23336889-B466-426F-A7F2-40D5250A4B72}"
EndProject
Project("{FAE04EC0-301F-11D3-BF4B-00C04F79EFBC}") = "MyRecipeBook.Api", "src\Backend\MyRecipeBook.Api\MyRecipeBook.Api.csproj", "{E608192E-5279-4D0A-B9C4-BE1DAF878BC3}"
EndProject
Project("{2150E333-8FDC-42A3-9474-1A3956D46DE8}") = "Backend", "Backend", "{5ABC36EB-2F24-4ACB-95D7-48B3EFB27841}"
EndProject
Project("{2150E333-8FDC-42A3-9474-1A3956D46DE8}") = "Shared", "Shared", "{845E0E80-79F6-4662-A586-AC4404C69D23}"
EndProject
Project("{FAE04EC0-301F-11D3-BF4B-00C04F79EFBC}") = "MyRecipeBook.Application", "src\Backend\MyRecipeBook.Application\MyRecipeBook.Application.csproj", "{943E4A9E-0971-4A7D-B24C-7CFDBB4A46EA}"
EndProject
Project("{FAE04EC0-301F-11D3-BF4B-00C04F79EFBC}") = "MyRecipeBook.Domain", "src\Backend\MyRecipeBook.Domain\MyRecipeBook.Domain.csproj", "{60903760-BA10-49B2-923E-FEE4997D6D60}"
EndProject
Project("{FAE04EC0-301F-11D3-BF4B-00C04F79EFBC}") = "MyRecipeBook.Infrastructure", "src\Backend\MyRecipeBook.Infrastructure\MyRecipeBook.Infrastructure.csproj", "{AF44E116-9F72-425A-A6B2-66BEB3E969C4}"
EndProject
Project("{FAE04EC0-301F-11D3-BF4B-00C04F79EFBC}") = "MyRecipeBook.Communication", "src\Shared\MyRecipeBook.Communication\MyRecipeBook.Communication.csproj", "{3952F368-5BE8-4E76-A2E3-6ABFFD6012AE}"
EndProject
Project("{FAE04EC0-301F-11D3-BF4B-00C04F79EFBC}") = "MyRecipeBook.Exception", "src\Shared\MyRecipeBook.Exception\MyRecipeBook.Exception.csproj", "{4C85DA9C-8310-4A9E-BF7A-54855E6FA188}"
EndProject
Global
	GlobalSection(SolutionConfigurationPlatforms) = preSolution
		Debug|Any CPU = Debug|Any CPU
		Debug|x64 = Debug|x64
		Release|Any CPU = Release|Any CPU
		Release|x64 = Release|x64
	EndGlobalSection
	GlobalSection(ProjectConfigurationPlatforms) = postSolution
		{E608192E-5279-4D0A-B9C4-BE1DAF878BC3}.Debug|Any CPU.ActiveCfg = Debug|Any CPU
		{E608192E-5279-4D0A-B9C4-BE1DAF878BC3}.Debug|Any CPU.Build.0 = Debug|Any CPU
		{E608192E-5279-4D0A-B9C4-BE1DAF878BC3}.Debug|x64.ActiveCfg = Debug|x64
		{E608192E-5279-4D0A-B9C4-BE1DAF878BC3}.Debug|x64.Build.0 = Debug|x64
		{E608192E-5279-4D0A-B9C4-BE1DAF878BC3}.Release|Any CPU.ActiveCfg = Release|Any CPU
		{E608192E-5279-4D0A-B9C4-BE1DAF878BC3}.Release|Any CPU.Build.0 = Release|Any CPU
		{E608192E-5279-4D0A-B9C4-BE1DAF878BC3}.Release|x64.ActiveCfg = Release|x64
		{E608192E-5279-4D0A-B9C4-BE1DAF878BC3}.Release|x64.Build.0 = Release|x64
		{943E4A9E-0971-4A7D-B24C-7CFDBB4A46EA}.Debug|Any CPU.ActiveCfg = Debug|Any CPU
		{943E4A9E-0971-4A7D-B24C-7CFDBB4A46EA}.Debug|Any CPU.Build.0 = Debug|Any CPU
		{943E4A9E-0971-4A7D-B24C-7CFDBB4A46EA}.Debug|x64.ActiveCfg = Debug|x64
		{943E4A9E-0971-4A7D-B24C-7CFDBB4A46EA}.Debug|x64.Build.0 = Debug|x64
		{943E4A9E-0971-4A7D-B24C-7CFDBB4A46EA}.Release|Any CPU.ActiveCfg = Release|Any CPU
		{943E4A9E-0971-4A7D-B24C-7CFDBB4A46EA}.Release|Any CPU.Build.0 = Release|Any CPU
		{943E4A9E-0971-4A7D-B24C-7CFDBB4A46EA}.Release|x64.ActiveCfg = Release|x64
		{943E4A9E-0971-4A7D-B24C-7CFDBB4A46EA}.Release|x64.Build.0 = Release|x64
		{60903760-BA10-49B2-923E-FEE4997D6D60}.Debug|Any CPU.ActiveCfg = Debug|Any CPU
		{60903760-BA10-49B2-923E-FEE4997D6D60}.Debug|Any CPU.Build.0 = Debug|Any CPU
		{60903760-BA10-49B2-923E-FEE4997D6D60}.Debug|x64.ActiveCfg = Debug|x64
		{60903760-BA10-49B2-923E-FEE4997D6D60}.Debug|x64.Build.0 = Debug|x64
		{60903760-BA10-49B2-923E-FEE4997D6D60}.Release|Any CPU.ActiveCfg = Release|Any CPU
		{60903760-BA10-49B2-923E-FEE4997D6D60}.Release|Any CPU.Build.0 = Release|Any CPU
		{60903760-BA10-49B2-923E-FEE4997D6D60}.Release|x64.ActiveCfg = Release|x64
		{60903760-BA10-49B2-923E-FEE4997D6D60}.Release|x64.Build.0 = Release|x64
		{AF44E116-9F72-425A-A6B2-66BEB3E969C4}.Debug|Any CPU.ActiveCfg = Debug|Any CPU
		{AF44E116-9F72-425A-A6B2-66BEB3E969C4}.Debug|Any CPU.Build.0 = Debug|Any CPU
		{AF44E116-9F72-425A-A6B2-66BEB3E969C4}.Debug|x64.ActiveCfg = Debug|x64
		{AF44E116-9F72-425A-A6B2-66BEB3E969C4}.Debug|x64.Build.0 = Debug|x64
		{AF44E116-9F72-425A-A6B2-66BEB3E969C4}.Release|Any CPU.ActiveCfg = Release|Any CPU
		{AF44E116-9F72-425A-A6B2-66BEB3E969C4}.Release|Any CPU.Build.0 = Release|Any CPU
		{AF44E116-9F72-425A-A6B2-66BEB3E969C4}.Release|x64.ActiveCfg = Release|x64
		{AF44E116-9F72-425A-A6B2-66BEB3E969C4}.Release|x64.Build.0 = Release|x64
		{3952F368-5BE8-4E76-A2E3-6ABFFD6012AE}.Debug|Any CPU.ActiveCfg = Debug|Any CPU
		{3952F368-5BE8-4E76-A2E3-6ABFFD6012AE}.Debug|Any CPU.Build.0 = Debug|Any CPU
		{3952F368-5BE8-4E76-A2E3-6ABFFD6012AE}.Debug|x64.ActiveCfg = Debug|x64
		{3952F368-5BE8-4E76-A2E3-6ABFFD6012AE}.Debug|x64.Build.0 = Debug|x64
		{3952F368-5BE8-4E76-A2E3-6ABFFD6012AE}.Release|Any CPU.ActiveCfg = Release|Any CPU
		{3952F368-5BE8-4E76-A2E3-6ABFFD6012AE}.Release|Any CPU.Build.0 = Release|Any CPU
		{3952F368-5BE8-4E76-A2E3-6ABFFD6012AE}.Release|x64.ActiveCfg = Release|x64
		{3952F368-5BE8-4E76-A2E3-6ABFFD6012AE}.Release|x64.Build.0 = Release|x64
		{4C85DA9C-8310-4A9E-BF7A-54855E6FA188}.Debug|Any CPU.ActiveCfg = Debug|Any CPU
		{4C85DA9C-8310-4A9E-BF7A-54855E6FA188}.Debug|Any CPU.Build.0 = Debug|Any CPU
		{4C85DA9C-8310-4A9E-BF7A-54855E6FA188}.Debug|x64.ActiveCfg = Debug|x64
		{4C85DA9C-8310-4A9E-BF7A-54855E6FA188}.Debug|x64.Build.0 = Debug|x64
		{4C85DA9C-8310-4A9E-BF7A-54855E6FA188}.Release|Any CPU.ActiveCfg = Release|Any CPU
		{4C85DA9C-8310-4A9E-BF7A-54855E6FA188}.Release|Any CPU.Build.0 = Release|Any CPU
		{4C85DA9C-8310-4A9E-BF7A-54855E6FA188}.Release|x64.ActiveCfg = Release|x64
		{4C85DA9C-8310-4A9E-BF7A-54855E6FA188}.Release|x64.Build.0 = Release|x64
	EndGlobalSection
	GlobalSection(SolutionProperties) = preSolution
		HideSolutionNode = FALSE
	EndGlobalSection
	GlobalSection(NestedProjects) = preSolution
		{E608192E-5279-4D0A-B9C4-BE1DAF878BC3} = {5ABC36EB-2F24-4ACB-95D7-48B3EFB27841}
		{5ABC36EB-2F24-4ACB-95D7-48B3EFB27841} = {02EA681E-C7D8-13C7-8484-4AC65E1B71E8}
		{845E0E80-79F6-4662-A586-AC4404C69D23} = {02EA681E-C7D8-13C7-8484-4AC65E1B71E8}
		{943E4A9E-0971-4A7D-B24C-7CFDBB4A46EA} = {5ABC36EB-2F24-4ACB-95D7-48B3EFB27841}
		{60903760-BA10-49B2-923E-FEE4997D6D60} = {5ABC36EB-2F24-4ACB-95D7-48B3EFB27841}
		{AF44E116-9F72-425A-A6B2-66BEB3E969C4} = {5ABC36EB-2F24-4ACB-95D7-48B3EFB27841}
		{3952F368-5BE8-4E76-A2E3-6ABFFD6012AE} = {845E0E80-79F6-4662-A586-AC4404C69D23}
		{4C85DA9C-8310-4A9E-BF7A-54855E6FA188} = {845E0E80-79F6-4662-A586-AC4404C69D23}
	EndGlobalSection
	GlobalSection(ExtensibilityGlobals) = postSolution
		SolutionGuid = {8E574B57-95C1-440C-AD9B-D01393101A47}
	EndGlobalSection
EndGlobal
